
Microsoft Visual Studio Solution File, Format Version 12.00
Project("{FAE04EC0-301F-11D3-BF4B-00C04F79EFBC}") = "YoutubeService", "YoutubeService\YoutubeService.csproj", "{4EBAF8E1-4EFB-4A47-99B5-B95E8E1A6D2C}"
EndProject
Global
	GlobalSection(SolutionConfigurationPlatforms) = preSolution
		Debug|Any CPU = Debug|Any CPU
		Release|Any CPU = Release|Any CPU
	EndGlobalSection
	GlobalSection(ProjectConfigurationPlatforms) = postSolution
		{4EBAF8E1-4EFB-4A47-99B5-B95E8E1A6D2C}.Debug|Any CPU.ActiveCfg = Debug|Any CPU
		{4EBAF8E1-4EFB-4A47-99B5-B95E8E1A6D2C}.Debug|Any CPU.Build.0 = Debug|Any CPU
		{4EBAF8E1-4EFB-4A47-99B5-B95E8E1A6D2C}.Release|Any CPU.ActiveCfg = Release|Any CPU
		{4EBAF8E1-4EFB-4A47-99B5-B95E8E1A6D2C}.Release|Any CPU.Build.0 = Release|Any CPU
	EndGlobalSection
EndGlobal
